
Microsoft Visual Studio Solution File, Format Version 12.00
# Visual Studio Version 17
VisualStudioVersion = 17.7.34031.279
MinimumVisualStudioVersion = 10.0.40219.1
Project("{FAE04EC0-301F-11D3-BF4B-00C04F79EFBC}") = "PhotosManager", "PhotosManager.csproj", "{28796FE7-F0A1-46D4-8CB8-CDD9668609CD}"
EndProject
Global
	GlobalSection(SolutionConfigurationPlatforms) = preSolution
		Debug|Any CPU = Debug|Any CPU
		Release|Any CPU = Release|Any CPU
	EndGlobalSection
	GlobalSection(ProjectConfigurationPlatforms) = postSolution
		{28796FE7-F0A1-46D4-8CB8-CDD9668609CD}.Debug|Any CPU.ActiveCfg = Debug|Any CPU
		{28796FE7-F0A1-46D4-8CB8-CDD9668609CD}.Debug|Any CPU.Build.0 = Debug|Any CPU
		{28796FE7-F0A1-46D4-8CB8-CDD9668609CD}.Release|Any CPU.ActiveCfg = Release|Any CPU
		{28796FE7-F0A1-46D4-8CB8-CDD9668609CD}.Release|Any CPU.Build.0 = Release|Any CPU
	EndGlobalSection
	GlobalSection(SolutionProperties) = preSolution
		HideSolutionNode = FALSE
	EndGlobalSection
	GlobalSection(ExtensibilityGlobals) = postSolution
		SolutionGuid = {ECECF355-CE8C-4164-AE14-7F5AA68F2ED1}
	EndGlobalSection
EndGlobal
